
Microsoft Visual Studio Solution File, Format Version 12.00
# Visual Studio Version 17
VisualStudioVersion = 17.13.35617.110 d17.13
MinimumVisualStudioVersion = 10.0.40219.1
Project("{FAE04EC0-301F-11D3-BF4B-00C04F79EFBC}") = "Garbage Collection and Memory Management", "Garbage Collection and Memory Management\Garbage Collection and Memory Management.csproj", "{EB208255-6C65-4949-A386-91FA65073FDC}"
EndProject
Global
	GlobalSection(SolutionConfigurationPlatforms) = preSolution
		Debug|Any CPU = Debug|Any CPU
		Release|Any CPU = Release|Any CPU
	EndGlobalSection
	GlobalSection(ProjectConfigurationPlatforms) = postSolution
		{EB208255-6C65-4949-A386-91FA65073FDC}.Debug|Any CPU.ActiveCfg = Debug|Any CPU
		{EB208255-6C65-4949-A386-91FA65073FDC}.Debug|Any CPU.Build.0 = Debug|Any CPU
		{EB208255-6C65-4949-A386-91FA65073FDC}.Release|Any CPU.ActiveCfg = Release|Any CPU
		{EB208255-6C65-4949-A386-91FA65073FDC}.Release|Any CPU.Build.0 = Release|Any CPU
	EndGlobalSection
	GlobalSection(SolutionProperties) = preSolution
		HideSolutionNode = FALSE
	EndGlobalSection
	GlobalSection(ExtensibilityGlobals) = postSolution
		SolutionGuid = {54A6FA59-4A33-4F79-8E21-BA054D48B0DA}
	EndGlobalSection
EndGlobal
